
Microsoft Visual Studio Solution File, Format Version 12.00
# Visual Studio Version 17
VisualStudioVersion = 17.4.33403.182
MinimumVisualStudioVersion = 10.0.40219.1
Project("{8BC9CEB8-8B4A-11D0-8D11-00A0C91BC942}") = "CProject1", "CProject1\CProject1.vcxproj", "{26CEBA5D-F028-4662-8DC8-C4D525B127EE}"
EndProject
Project("{8BC9CEB8-8B4A-11D0-8D11-00A0C91BC942}") = "CProject3", "CProject3\CProject3.vcxproj", "{43DF7406-BB3D-4F0F-9091-1A417D0A577F}"
EndProject
Project("{8BC9CEB8-8B4A-11D0-8D11-00A0C91BC942}") = "CProject4", "Project4\Project4.vcxproj", "{876B0909-EC6C-48F2-8D25-042A83F07358}"
EndProject
Project("{8BC9CEB8-8B4A-11D0-8D11-00A0C91BC942}") = "CProject5", "CProject5\CProject5.vcxproj", "{675A0A86-75E4-4748-9B2C-0563665F25B2}"
EndProject
Project("{8BC9CEB8-8B4A-11D0-8D11-00A0C91BC942}") = "Cproject6", "Cproject6\Cproject6.vcxproj", "{9047684F-27AF-4207-A835-BD355E4467AF}"
EndProject
Project("{8BC9CEB8-8B4A-11D0-8D11-00A0C91BC942}") = "CProject7", "CProject7\CProject7.vcxproj", "{99DE97D1-F27A-4B07-85B0-BCB2E10A1F5B}"
EndProject
Project("{8BC9CEB8-8B4A-11D0-8D11-00A0C91BC942}") = "CProject8", "CProject8\CProject8.vcxproj", "{6AF5C297-C139-425C-9133-16C62297F4A9}"
EndProject
Project("{8BC9CEB8-8B4A-11D0-8D11-00A0C91BC942}") = "CProject9", "CProject9\CProject9.vcxproj", "{AAFF4D82-A239-48BB-9A07-67F2003C722B}"
EndProject
Project("{8BC9CEB8-8B4A-11D0-8D11-00A0C91BC942}") = "CProject10", "CProject10\CProject10.vcxproj", "{A342B475-2A79-46A1-B144-65D66DD6F6D2}"
EndProject
Project("{8BC9CEB8-8B4A-11D0-8D11-00A0C91BC942}") = "CProject11", "CProject11\CProject11.vcxproj", "{446F536C-AA56-4D26-B841-301B3BE4074D}"
EndProject
Global
	GlobalSection(SolutionConfigurationPlatforms) = preSolution
		Debug|x64 = Debug|x64
		Debug|x86 = Debug|x86
		Release|x64 = Release|x64
		Release|x86 = Release|x86
	EndGlobalSection
	GlobalSection(ProjectConfigurationPlatforms) = postSolution
		{26CEBA5D-F028-4662-8DC8-C4D525B127EE}.Debug|x64.ActiveCfg = Debug|x64
		{26CEBA5D-F028-4662-8DC8-C4D525B127EE}.Debug|x64.Build.0 = Debug|x64
		{26CEBA5D-F028-4662-8DC8-C4D525B127EE}.Debug|x86.ActiveCfg = Debug|Win32
		{26CEBA5D-F028-4662-8DC8-C4D525B127EE}.Debug|x86.Build.0 = Debug|Win32
		{26CEBA5D-F028-4662-8DC8-C4D525B127EE}.Release|x64.ActiveCfg = Release|x64
		{26CEBA5D-F028-4662-8DC8-C4D525B127EE}.Release|x64.Build.0 = Release|x64
		{26CEBA5D-F028-4662-8DC8-C4D525B127EE}.Release|x86.ActiveCfg = Release|Win32
		{26CEBA5D-F028-4662-8DC8-C4D525B127EE}.Release|x86.Build.0 = Release|Win32
		{43DF7406-BB3D-4F0F-9091-1A417D0A577F}.Debug|x64.ActiveCfg = Debug|x64
		{43DF7406-BB3D-4F0F-9091-1A417D0A577F}.Debug|x64.Build.0 = Debug|x64
		{43DF7406-BB3D-4F0F-9091-1A417D0A577F}.Debug|x86.ActiveCfg = Debug|Win32
		{43DF7406-BB3D-4F0F-9091-1A417D0A577F}.Debug|x86.Build.0 = Debug|Win32
		{43DF7406-BB3D-4F0F-9091-1A417D0A577F}.Release|x64.ActiveCfg = Release|x64
		{43DF7406-BB3D-4F0F-9091-1A417D0A577F}.Release|x64.Build.0 = Release|x64
		{43DF7406-BB3D-4F0F-9091-1A417D0A577F}.Release|x86.ActiveCfg = Release|Win32
		{43DF7406-BB3D-4F0F-9091-1A417D0A577F}.Release|x86.Build.0 = Release|Win32
		{876B0909-EC6C-48F2-8D25-042A83F07358}.Debug|x64.ActiveCfg = Debug|x64
		{876B0909-EC6C-48F2-8D25-042A83F07358}.Debug|x64.Build.0 = Debug|x64
		{876B0909-EC6C-48F2-8D25-042A83F07358}.Debug|x86.ActiveCfg = Debug|Win32
		{876B0909-EC6C-48F2-8D25-042A83F07358}.Debug|x86.Build.0 = Debug|Win32
		{876B0909-EC6C-48F2-8D25-042A83F07358}.Release|x64.ActiveCfg = Release|x64
		{876B0909-EC6C-48F2-8D25-042A83F07358}.Release|x64.Build.0 = Release|x64
		{876B0909-EC6C-48F2-8D25-042A83F07358}.Release|x86.ActiveCfg = Release|Win32
		{876B0909-EC6C-48F2-8D25-042A83F07358}.Release|x86.Build.0 = Release|Win32
		{675A0A86-75E4-4748-9B2C-0563665F25B2}.Debug|x64.ActiveCfg = Debug|x64
		{675A0A86-75E4-4748-9B2C-0563665F25B2}.Debug|x64.Build.0 = Debug|x64
		{675A0A86-75E4-4748-9B2C-0563665F25B2}.Debug|x86.ActiveCfg = Debug|Win32
		{675A0A86-75E4-4748-9B2C-0563665F25B2}.Debug|x86.Build.0 = Debug|Win32
		{675A0A86-75E4-4748-9B2C-0563665F25B2}.Release|x64.ActiveCfg = Release|x64
		{675A0A86-75E4-4748-9B2C-0563665F25B2}.Release|x64.Build.0 = Release|x64
		{675A0A86-75E4-4748-9B2C-0563665F25B2}.Release|x86.ActiveCfg = Release|Win32
		{675A0A86-75E4-4748-9B2C-0563665F25B2}.Release|x86.Build.0 = Release|Win32
		{9047684F-27AF-4207-A835-BD355E4467AF}.Debug|x64.ActiveCfg = Debug|x64
		{9047684F-27AF-4207-A835-BD355E4467AF}.Debug|x64.Build.0 = Debug|x64
		{9047684F-27AF-4207-A835-BD355E4467AF}.Debug|x86.ActiveCfg = Debug|Win32
		{9047684F-27AF-4207-A835-BD355E4467AF}.Debug|x86.Build.0 = Debug|Win32
		{9047684F-27AF-4207-A835-BD355E4467AF}.Release|x64.ActiveCfg = Release|x64
		{9047684F-27AF-4207-A835-BD355E4467AF}.Release|x64.Build.0 = Release|x64
		{9047684F-27AF-4207-A835-BD355E4467AF}.Release|x86.ActiveCfg = Release|Win32
		{9047684F-27AF-4207-A835-BD355E4467AF}.Release|x86.Build.0 = Release|Win32
		{99DE97D1-F27A-4B07-85B0-BCB2E10A1F5B}.Debug|x64.ActiveCfg = Debug|x64
		{99DE97D1-F27A-4B07-85B0-BCB2E10A1F5B}.Debug|x64.Build.0 = Debug|x64
		{99DE97D1-F27A-4B07-85B0-BCB2E10A1F5B}.Debug|x86.ActiveCfg = Debug|Win32
		{99DE97D1-F27A-4B07-85B0-BCB2E10A1F5B}.Debug|x86.Build.0 = Debug|Win32
		{99DE97D1-F27A-4B07-85B0-BCB2E10A1F5B}.Release|x64.ActiveCfg = Release|x64
		{99DE97D1-F27A-4B07-85B0-BCB2E10A1F5B}.Release|x64.Build.0 = Release|x64
		{99DE97D1-F27A-4B07-85B0-BCB2E10A1F5B}.Release|x86.ActiveCfg = Release|Win32
		{99DE97D1-F27A-4B07-85B0-BCB2E10A1F5B}.Release|x86.Build.0 = Release|Win32
		{6AF5C297-C139-425C-9133-16C62297F4A9}.Debug|x64.ActiveCfg = Debug|x64
		{6AF5C297-C139-425C-9133-16C62297F4A9}.Debug|x64.Build.0 = Debug|x64
		{6AF5C297-C139-425C-9133-16C62297F4A9}.Debug|x86.ActiveCfg = Debug|Win32
		{6AF5C297-C139-425C-9133-16C62297F4A9}.Debug|x86.Build.0 = Debug|Win32
		{6AF5C297-C139-425C-9133-16C62297F4A9}.Release|x64.ActiveCfg = Release|x64
		{6AF5C297-C139-425C-9133-16C62297F4A9}.Release|x64.Build.0 = Release|x64
		{6AF5C297-C139-425C-9133-16C62297F4A9}.Release|x86.ActiveCfg = Release|Win32
		{6AF5C297-C139-425C-9133-16C62297F4A9}.Release|x86.Build.0 = Release|Win32
		{AAFF4D82-A239-48BB-9A07-67F2003C722B}.Debug|x64.ActiveCfg = Debug|x64
		{AAFF4D82-A239-48BB-9A07-67F2003C722B}.Debug|x64.Build.0 = Debug|x64
		{AAFF4D82-A239-48BB-9A07-67F2003C722B}.Debug|x86.ActiveCfg = Debug|Win32
		{AAFF4D82-A239-48BB-9A07-67F2003C722B}.Debug|x86.Build.0 = Debug|Win32
		{AAFF4D82-A239-48BB-9A07-67F2003C722B}.Release|x64.ActiveCfg = Release|x64
		{AAFF4D82-A239-48BB-9A07-67F2003C722B}.Release|x64.Build.0 = Release|x64
		{AAFF4D82-A239-48BB-9A07-67F2003C722B}.Release|x86.ActiveCfg = Release|Win32
		{AAFF4D82-A239-48BB-9A07-67F2003C722B}.Release|x86.Build.0 = Release|Win32
		{A342B475-2A79-46A1-B144-65D66DD6F6D2}.Debug|x64.ActiveCfg = Debug|x64
		{A342B475-2A79-46A1-B144-65D66DD6F6D2}.Debug|x64.Build.0 = Debug|x64
		{A342B475-2A79-46A1-B144-65D66DD6F6D2}.Debug|x86.ActiveCfg = Debug|Win32
		{A342B475-2A79-46A1-B144-65D66DD6F6D2}.Debug|x86.Build.0 = Debug|Win32
		{A342B475-2A79-46A1-B144-65D66DD6F6D2}.Release|x64.ActiveCfg = Release|x64
		{A342B475-2A79-46A1-B144-65D66DD6F6D2}.Release|x64.Build.0 = Release|x64
		{A342B475-2A79-46A1-B144-65D66DD6F6D2}.Release|x86.ActiveCfg = Release|Win32
		{A342B475-2A79-46A1-B144-65D66DD6F6D2}.Release|x86.Build.0 = Release|Win32
		{446F536C-AA56-4D26-B841-301B3BE4074D}.Debug|x64.ActiveCfg = Debug|x64
		{446F536C-AA56-4D26-B841-301B3BE4074D}.Debug|x64.Build.0 = Debug|x64
		{446F536C-AA56-4D26-B841-301B3BE4074D}.Debug|x86.ActiveCfg = Debug|Win32
		{446F536C-AA56-4D26-B841-301B3BE4074D}.Debug|x86.Build.0 = Debug|Win32
		{446F536C-AA56-4D26-B841-301B3BE4074D}.Release|x64.ActiveCfg = Release|x64
		{446F536C-AA56-4D26-B841-301B3BE4074D}.Release|x64.Build.0 = Release|x64
		{446F536C-AA56-4D26-B841-301B3BE4074D}.Release|x86.ActiveCfg = Release|Win32
		{446F536C-AA56-4D26-B841-301B3BE4074D}.Release|x86.Build.0 = Release|Win32
	EndGlobalSection
	GlobalSection(SolutionProperties) = preSolution
		HideSolutionNode = FALSE
	EndGlobalSection
	GlobalSection(ExtensibilityGlobals) = postSolution
		SolutionGuid = {9FB2857A-E95C-424C-9EDC-93026F151116}
	EndGlobalSection
EndGlobal
